# generated by rye
# use `rye lock` or `rye sync` to update this lockfile
#
# last locked with the following flags:
#   pre: false
#   features: []
#   all-features: false
#   with-sources: false

-e file:.
arrow==1.3.0
    # via bb
asttokens==2.4.1
    # via stack-data
certifi==2024.2.2
    # via requests
charset-normalizer==3.3.2
    # via requests
click==8.1.7
    # via bb
decorator==5.1.1
    # via ipdb
    # via ipython
executing==2.0.1
    # via stack-data
idna==3.7
    # via requests
ipdb==0.13.13
    # via bb
ipython==8.24.0
    # via ipdb
jedi==0.19.1
    # via ipython
linkify-it-py==2.0.3
    # via markdown-it-py
markdown-it-py==3.0.0
    # via mdit-py-plugins
    # via rich
    # via textual
matplotlib-inline==0.1.7
    # via ipython
mdit-py-plugins==0.4.1
    # via markdown-it-py
mdurl==0.1.2
    # via markdown-it-py
parso==0.8.4
    # via jedi
pexpect==4.9.0
    # via ipython
platformdirs==4.3.6
    # via textual
prompt-toolkit==3.0.45
    # via ipython
ptyprocess==0.7.0
    # via pexpect
pure-eval==0.2.2
    # via stack-data
pygments==2.18.0
    # via ipython
    # via rich
python-dateutil==2.9.0.post0
    # via arrow
readchar==4.1.0
    # via bb
requests==2.32.2
    # via bb
rich==13.7.1
    # via bb
    # via textual
six==1.16.0
    # via asttokens
    # via python-dateutil
stack-data==0.6.3
    # via ipython
textual==1.0.0
    # via bb
tomli==2.0.1
    # via bb
tomli-w==1.0.0
    # via bb
traitlets==5.14.3
    # via ipython
    # via matplotlib-inline
types-python-dateutil==2.9.0.20240316
    # via arrow
typing-extensions==4.12.0
    # via textual
uc-micro-py==1.0.3
    # via linkify-it-py
urllib3==2.2.1
    # via requests
wcwidth==0.2.13
    # via prompt-toolkit
